
Microsoft Visual Studio Solution File, Format Version 12.00
# Visual Studio Version 17
VisualStudioVersion = 17.5.002.0
MinimumVisualStudioVersion = 10.0.40219.1
Project("{9A19103F-16F7-4668-BE54-9A1E7A4F7556}") = "Repositories", "Repositories.csproj", "{91DD7E51-FAE6-4578-AB14-CAA2A75E547C}"
EndProject
Global
	GlobalSection(SolutionConfigurationPlatforms) = preSolution
		Debug|Any CPU = Debug|Any CPU
		Release|Any CPU = Release|Any CPU
	EndGlobalSection
	GlobalSection(ProjectConfigurationPlatforms) = postSolution
		{91DD7E51-FAE6-4578-AB14-CAA2A75E547C}.Debug|Any CPU.ActiveCfg = Debug|Any CPU
		{91DD7E51-FAE6-4578-AB14-CAA2A75E547C}.Debug|Any CPU.Build.0 = Debug|Any CPU
		{91DD7E51-FAE6-4578-AB14-CAA2A75E547C}.Release|Any CPU.ActiveCfg = Release|Any CPU
		{91DD7E51-FAE6-4578-AB14-CAA2A75E547C}.Release|Any CPU.Build.0 = Release|Any CPU
	EndGlobalSection
	GlobalSection(SolutionProperties) = preSolution
		HideSolutionNode = FALSE
	EndGlobalSection
	GlobalSection(ExtensibilityGlobals) = postSolution
		SolutionGuid = {7D045D20-2695-42BD-9B42-DC953D83722D}
	EndGlobalSection
EndGlobal
